// !$*UTF8*$!
{
	archiveVersion = 1;
	classes = {
	};
	objectVersion = 55;
	objects = {

/* Begin PBXBuildFile section */
		2D954DCF2898880600534E7C /* AppDelegate.swift in Sources */ = {isa = PBXBuildFile; fileRef = 2D954DCE2898880600534E7C /* AppDelegate.swift */; };
		2D954DD12898880600534E7C /* SceneDelegate.swift in Sources */ = {isa = PBXBuildFile; fileRef = 2D954DD02898880600534E7C /* SceneDelegate.swift */; };
		2D954DD32898880600534E7C /* HomeViewController.swift in Sources */ = {isa = PBXBuildFile; fileRef = 2D954DD22898880600534E7C /* HomeViewController.swift */; };
		2D954DD82898880900534E7C /* Assets.xcassets in Resources */ = {isa = PBXBuildFile; fileRef = 2D954DD72898880900534E7C /* Assets.xcassets */; };
		2D954DDB2898880900534E7C /* LaunchScreen.storyboard in Resources */ = {isa = PBXBuildFile; fileRef = 2D954DD92898880900534E7C /* LaunchScreen.storyboard */; };
		2D954DE528988B3400534E7C /* ApplicationCoordinator.swift in Sources */ = {isa = PBXBuildFile; fileRef = 2D954DE428988B3400534E7C /* ApplicationCoordinator.swift */; };
		2D954DE828988B8C00534E7C /* Coordinator.swift in Sources */ = {isa = PBXBuildFile; fileRef = 2D954DE728988B8C00534E7C /* Coordinator.swift */; };
		2D954DEC28988BBC00534E7C /* MainCoordinator.swift in Sources */ = {isa = PBXBuildFile; fileRef = 2D954DEB28988BBC00534E7C /* MainCoordinator.swift */; };
		2D954DEF28988C3800534E7C /* HomeCoordinator.swift in Sources */ = {isa = PBXBuildFile; fileRef = 2D954DEE28988C3800534E7C /* HomeCoordinator.swift */; };
		2D954DF42898923000534E7C /* RoundedButton.swift in Sources */ = {isa = PBXBuildFile; fileRef = 2D954DF32898923000534E7C /* RoundedButton.swift */; };
		2DA9BD0D2899E9A70090026A /* NetworkManager.swift in Sources */ = {isa = PBXBuildFile; fileRef = 2DA9BD022899E9A70090026A /* NetworkManager.swift */; };
		2DA9BD0E2899E9A70090026A /* VenusResponse.swift in Sources */ = {isa = PBXBuildFile; fileRef = 2DA9BD042899E9A70090026A /* VenusResponse.swift */; };
		2DA9BD0F2899E9A70090026A /* Environment.swift in Sources */ = {isa = PBXBuildFile; fileRef = 2DA9BD062899E9A70090026A /* Environment.swift */; };
		2DA9BD102899E9A70090026A /* VenusServiceEndPoints.swift in Sources */ = {isa = PBXBuildFile; fileRef = 2DA9BD072899E9A70090026A /* VenusServiceEndPoints.swift */; };
		2DA9BD112899E9A70090026A /* VenusService.swift in Sources */ = {isa = PBXBuildFile; fileRef = 2DA9BD082899E9A70090026A /* VenusService.swift */; };
		2DA9BD122899E9A70090026A /* Requestable.swift in Sources */ = {isa = PBXBuildFile; fileRef = 2DA9BD0A2899E9A70090026A /* Requestable.swift */; };
		2DA9BD132899E9A70090026A /* NativeRequestable.swift in Sources */ = {isa = PBXBuildFile; fileRef = 2DA9BD0B2899E9A70090026A /* NativeRequestable.swift */; };
		2DA9BD142899E9A70090026A /* NetworkRequest.swift in Sources */ = {isa = PBXBuildFile; fileRef = 2DA9BD0C2899E9A70090026A /* NetworkRequest.swift */; };
/* End PBXBuildFile section */

/* Begin PBXFileReference section */
		2D954DCB2898880600534E7C /* MappyMapAdyenTask.app */ = {isa = PBXFileReference; explicitFileType = wrapper.application; includeInIndex = 0; path = MappyMapAdyenTask.app; sourceTree = BUILT_PRODUCTS_DIR; };
		2D954DCE2898880600534E7C /* AppDelegate.swift */ = {isa = PBXFileReference; lastKnownFileType = sourcecode.swift; path = AppDelegate.swift; sourceTree = "<group>"; };
		2D954DD02898880600534E7C /* SceneDelegate.swift */ = {isa = PBXFileReference; lastKnownFileType = sourcecode.swift; path = SceneDelegate.swift; sourceTree = "<group>"; };
		2D954DD22898880600534E7C /* HomeViewController.swift */ = {isa = PBXFileReference; lastKnownFileType = sourcecode.swift; path = HomeViewController.swift; sourceTree = "<group>"; };
		2D954DD72898880900534E7C /* Assets.xcassets */ = {isa = PBXFileReference; lastKnownFileType = folder.assetcatalog; path = Assets.xcassets; sourceTree = "<group>"; };
		2D954DDA2898880900534E7C /* Base */ = {isa = PBXFileReference; lastKnownFileType = file.storyboard; name = Base; path = Base.lproj/LaunchScreen.storyboard; sourceTree = "<group>"; };
		2D954DDC2898880900534E7C /* Info.plist */ = {isa = PBXFileReference; lastKnownFileType = text.plist.xml; path = Info.plist; sourceTree = "<group>"; };
		2D954DE428988B3400534E7C /* ApplicationCoordinator.swift */ = {isa = PBXFileReference; lastKnownFileType = sourcecode.swift; path = ApplicationCoordinator.swift; sourceTree = "<group>"; };
		2D954DE728988B8C00534E7C /* Coordinator.swift */ = {isa = PBXFileReference; lastKnownFileType = sourcecode.swift; path = Coordinator.swift; sourceTree = "<group>"; };
		2D954DEB28988BBC00534E7C /* MainCoordinator.swift */ = {isa = PBXFileReference; lastKnownFileType = sourcecode.swift; path = MainCoordinator.swift; sourceTree = "<group>"; };
		2D954DEE28988C3800534E7C /* HomeCoordinator.swift */ = {isa = PBXFileReference; lastKnownFileType = sourcecode.swift; path = HomeCoordinator.swift; sourceTree = "<group>"; };
		2D954DF32898923000534E7C /* RoundedButton.swift */ = {isa = PBXFileReference; lastKnownFileType = sourcecode.swift; path = RoundedButton.swift; sourceTree = "<group>"; };
		2DA9BD022899E9A70090026A /* NetworkManager.swift */ = {isa = PBXFileReference; fileEncoding = 4; lastKnownFileType = sourcecode.swift; path = NetworkManager.swift; sourceTree = "<group>"; };
		2DA9BD042899E9A70090026A /* VenusResponse.swift */ = {isa = PBXFileReference; fileEncoding = 4; lastKnownFileType = sourcecode.swift; path = VenusResponse.swift; sourceTree = "<group>"; };
		2DA9BD062899E9A70090026A /* Environment.swift */ = {isa = PBXFileReference; fileEncoding = 4; lastKnownFileType = sourcecode.swift; path = Environment.swift; sourceTree = "<group>"; };
		2DA9BD072899E9A70090026A /* VenusServiceEndPoints.swift */ = {isa = PBXFileReference; fileEncoding = 4; lastKnownFileType = sourcecode.swift; path = VenusServiceEndPoints.swift; sourceTree = "<group>"; };
		2DA9BD082899E9A70090026A /* VenusService.swift */ = {isa = PBXFileReference; fileEncoding = 4; lastKnownFileType = sourcecode.swift; path = VenusService.swift; sourceTree = "<group>"; };
		2DA9BD0A2899E9A70090026A /* Requestable.swift */ = {isa = PBXFileReference; fileEncoding = 4; lastKnownFileType = sourcecode.swift; path = Requestable.swift; sourceTree = "<group>"; };
		2DA9BD0B2899E9A70090026A /* NativeRequestable.swift */ = {isa = PBXFileReference; fileEncoding = 4; lastKnownFileType = sourcecode.swift; path = NativeRequestable.swift; sourceTree = "<group>"; };
		2DA9BD0C2899E9A70090026A /* NetworkRequest.swift */ = {isa = PBXFileReference; fileEncoding = 4; lastKnownFileType = sourcecode.swift; path = NetworkRequest.swift; sourceTree = "<group>"; };
/* End PBXFileReference section */

/* Begin PBXFrameworksBuildPhase section */
		2D954DC82898880600534E7C /* Frameworks */ = {
			isa = PBXFrameworksBuildPhase;
			buildActionMask = 2147483647;
			files = (
			);
			runOnlyForDeploymentPostprocessing = 0;
		};
/* End PBXFrameworksBuildPhase section */

/* Begin PBXGroup section */
		2D954DC22898880600534E7C = {
			isa = PBXGroup;
			children = (
				2D954DCD2898880600534E7C /* MappyMapAdyenTask */,
				2D954DCC2898880600534E7C /* Products */,
			);
			sourceTree = "<group>";
		};
		2D954DCC2898880600534E7C /* Products */ = {
			isa = PBXGroup;
			children = (
				2D954DCB2898880600534E7C /* MappyMapAdyenTask.app */,
			);
			name = Products;
			sourceTree = "<group>";
		};
		2D954DCD2898880600534E7C /* MappyMapAdyenTask */ = {
			isa = PBXGroup;
			children = (
				2DA9BD1B289A166C0090026A /* App Scene Delegate */,
				2DA9BD1A289A16630090026A /* Resources */,
				2DA9BD18289A16590090026A /* Scenes */,
				2DA9BD012899E9A70090026A /* Networking */,
				2D954DF02898921600534E7C /* UI */,
				2D954DE328988B0C00534E7C /* Coordinator */,
				2D954DDC2898880900534E7C /* Info.plist */,
			);
			path = MappyMapAdyenTask;
			sourceTree = "<group>";
		};
		2D954DE328988B0C00534E7C /* Coordinator */ = {
			isa = PBXGroup;
			children = (
				2D954DED28988C0C00534E7C /* Home */,
				2D954DE928988BA500534E7C /* Main */,
				2D954DE628988B7700534E7C /* Protocols */,
				2D954DEA28988BAB00534E7C /* App Coordinator */,
			);
			path = Coordinator;
			sourceTree = "<group>";
		};
		2D954DE628988B7700534E7C /* Protocols */ = {
			isa = PBXGroup;
			children = (
				2D954DE728988B8C00534E7C /* Coordinator.swift */,
			);
			path = Protocols;
			sourceTree = "<group>";
		};
		2D954DE928988BA500534E7C /* Main */ = {
			isa = PBXGroup;
			children = (
				2D954DEB28988BBC00534E7C /* MainCoordinator.swift */,
			);
			path = Main;
			sourceTree = "<group>";
		};
		2D954DEA28988BAB00534E7C /* App Coordinator */ = {
			isa = PBXGroup;
			children = (
				2D954DE428988B3400534E7C /* ApplicationCoordinator.swift */,
			);
			path = "App Coordinator";
			sourceTree = "<group>";
		};
		2D954DED28988C0C00534E7C /* Home */ = {
			isa = PBXGroup;
			children = (
				2D954DEE28988C3800534E7C /* HomeCoordinator.swift */,
			);
			path = Home;
			sourceTree = "<group>";
		};
		2D954DF02898921600534E7C /* UI */ = {
			isa = PBXGroup;
			children = (
				2D954DF12898921C00534E7C /* Common */,
			);
			path = UI;
			sourceTree = "<group>";
		};
		2D954DF12898921C00534E7C /* Common */ = {
			isa = PBXGroup;
			children = (
				2D954DF22898922600534E7C /* Button */,
			);
			path = Common;
			sourceTree = "<group>";
		};
		2D954DF22898922600534E7C /* Button */ = {
			isa = PBXGroup;
			children = (
				2D954DF32898923000534E7C /* RoundedButton.swift */,
			);
			path = Button;
			sourceTree = "<group>";
		};
		2DA9BD012899E9A70090026A /* Networking */ = {
			isa = PBXGroup;
			children = (
				2DA9BD022899E9A70090026A /* NetworkManager.swift */,
				2DA9BD032899E9A70090026A /* Model */,
				2DA9BD052899E9A70090026A /* Environment */,
				2DA9BD082899E9A70090026A /* VenusService.swift */,
				2DA9BD092899E9A70090026A /* Requestable */,
				2DA9BD0C2899E9A70090026A /* NetworkRequest.swift */,
			);
			path = Networking;
			sourceTree = "<group>";
		};
		2DA9BD032899E9A70090026A /* Model */ = {
			isa = PBXGroup;
			children = (
				2DA9BD042899E9A70090026A /* VenusResponse.swift */,
			);
			path = Model;
			sourceTree = "<group>";
		};
		2DA9BD052899E9A70090026A /* Environment */ = {
			isa = PBXGroup;
			children = (
				2DA9BD062899E9A70090026A /* Environment.swift */,
				2DA9BD072899E9A70090026A /* VenusServiceEndPoints.swift */,
			);
			path = Environment;
			sourceTree = "<group>";
		};
		2DA9BD092899E9A70090026A /* Requestable */ = {
			isa = PBXGroup;
			children = (
				2DA9BD0A2899E9A70090026A /* Requestable.swift */,
				2DA9BD0B2899E9A70090026A /* NativeRequestable.swift */,
			);
			path = Requestable;
			sourceTree = "<group>";
		};
		2DA9BD18289A16590090026A /* Scenes */ = {
			isa = PBXGroup;
			children = (
				2DA9BD19289A165C0090026A /* Home */,
			);
			path = Scenes;
			sourceTree = "<group>";
		};
		2DA9BD19289A165C0090026A /* Home */ = {
			isa = PBXGroup;
			children = (
				2D954DD22898880600534E7C /* HomeViewController.swift */,
			);
			path = Home;
			sourceTree = "<group>";
		};
		2DA9BD1A289A16630090026A /* Resources */ = {
			isa = PBXGroup;
			children = (
				2D954DD72898880900534E7C /* Assets.xcassets */,
			);
			path = Resources;
			sourceTree = "<group>";
		};
		2DA9BD1B289A166C0090026A /* App Scene Delegate */ = {
			isa = PBXGroup;
			children = (
				2DA9BD1C289A167C0090026A /* Launch */,
				2D954DD02898880600534E7C /* SceneDelegate.swift */,
				2D954DCE2898880600534E7C /* AppDelegate.swift */,
			);
			path = "App Scene Delegate";
			sourceTree = "<group>";
		};
		2DA9BD1C289A167C0090026A /* Launch */ = {
			isa = PBXGroup;
			children = (
				2D954DD92898880900534E7C /* LaunchScreen.storyboard */,
			);
			path = Launch;
			sourceTree = "<group>";
		};
/* End PBXGroup section */

/* Begin PBXNativeTarget section */
		2D954DCA2898880600534E7C /* MappyMapAdyenTask */ = {
			isa = PBXNativeTarget;
			buildConfigurationList = 2D954DDF2898880900534E7C /* Build configuration list for PBXNativeTarget "MappyMapAdyenTask" */;
			buildPhases = (
				2D954DC72898880600534E7C /* Sources */,
				2D954DC82898880600534E7C /* Frameworks */,
				2D954DC92898880600534E7C /* Resources */,
			);
			buildRules = (
			);
			dependencies = (
			);
			name = MappyMapAdyenTask;
			productName = MappyMapAdyenTask;
			productReference = 2D954DCB2898880600534E7C /* MappyMapAdyenTask.app */;
			productType = "com.apple.product-type.application";
		};
/* End PBXNativeTarget section */

/* Begin PBXProject section */
		2D954DC32898880600534E7C /* Project object */ = {
			isa = PBXProject;
			attributes = {
				BuildIndependentTargetsInParallel = 1;
				LastSwiftUpdateCheck = 1330;
				LastUpgradeCheck = 1330;
				TargetAttributes = {
					2D954DCA2898880600534E7C = {
						CreatedOnToolsVersion = 13.3.1;
					};
				};
			};
			buildConfigurationList = 2D954DC62898880600534E7C /* Build configuration list for PBXProject "MappyMapAdyenTask" */;
			compatibilityVersion = "Xcode 13.0";
			developmentRegion = en;
			hasScannedForEncodings = 0;
			knownRegions = (
				en,
				Base,
			);
			mainGroup = 2D954DC22898880600534E7C;
			productRefGroup = 2D954DCC2898880600534E7C /* Products */;
			projectDirPath = "";
			projectRoot = "";
			targets = (
				2D954DCA2898880600534E7C /* MappyMapAdyenTask */,
			);
		};
/* End PBXProject section */

/* Begin PBXResourcesBuildPhase section */
		2D954DC92898880600534E7C /* Resources */ = {
			isa = PBXResourcesBuildPhase;
			buildActionMask = 2147483647;
			files = (
				2D954DDB2898880900534E7C /* LaunchScreen.storyboard in Resources */,
				2D954DD82898880900534E7C /* Assets.xcassets in Resources */,
			);
			runOnlyForDeploymentPostprocessing = 0;
		};
/* End PBXResourcesBuildPhase section */

/* Begin PBXSourcesBuildPhase section */
		2D954DC72898880600534E7C /* Sources */ = {
			isa = PBXSourcesBuildPhase;
			buildActionMask = 2147483647;
			files = (
				2DA9BD0D2899E9A70090026A /* NetworkManager.swift in Sources */,
				2DA9BD122899E9A70090026A /* Requestable.swift in Sources */,
				2DA9BD142899E9A70090026A /* NetworkRequest.swift in Sources */,
				2D954DD32898880600534E7C /* HomeViewController.swift in Sources */,
				2D954DEC28988BBC00534E7C /* MainCoordinator.swift in Sources */,
				2D954DCF2898880600534E7C /* AppDelegate.swift in Sources */,
				2D954DF42898923000534E7C /* RoundedButton.swift in Sources */,
				2D954DE828988B8C00534E7C /* Coordinator.swift in Sources */,
				2D954DD12898880600534E7C /* SceneDelegate.swift in Sources */,
				2DA9BD0F2899E9A70090026A /* Environment.swift in Sources */,
				2DA9BD132899E9A70090026A /* NativeRequestable.swift in Sources */,
				2DA9BD0E2899E9A70090026A /* VenusResponse.swift in Sources */,
				2DA9BD112899E9A70090026A /* VenusService.swift in Sources */,
				2DA9BD102899E9A70090026A /* VenusServiceEndPoints.swift in Sources */,
				2D954DEF28988C3800534E7C /* HomeCoordinator.swift in Sources */,
				2D954DE528988B3400534E7C /* ApplicationCoordinator.swift in Sources */,
			);
			runOnlyForDeploymentPostprocessing = 0;
		};
/* End PBXSourcesBuildPhase section */

/* Begin PBXVariantGroup section */
		2D954DD92898880900534E7C /* LaunchScreen.storyboard */ = {
			isa = PBXVariantGroup;
			children = (
				2D954DDA2898880900534E7C /* Base */,
			);
			name = LaunchScreen.storyboard;
			sourceTree = "<group>";
		};
/* End PBXVariantGroup section */

/* Begin XCBuildConfiguration section */
		2D954DDD2898880900534E7C /* Debug */ = {
			isa = XCBuildConfiguration;
			buildSettings = {
				ALWAYS_SEARCH_USER_PATHS = NO;
				CLANG_ANALYZER_NONNULL = YES;
				CLANG_ANALYZER_NUMBER_OBJECT_CONVERSION = YES_AGGRESSIVE;
				CLANG_CXX_LANGUAGE_STANDARD = "gnu++17";
				CLANG_ENABLE_MODULES = YES;
				CLANG_ENABLE_OBJC_ARC = YES;
				CLANG_ENABLE_OBJC_WEAK = YES;
				CLANG_WARN_BLOCK_CAPTURE_AUTORELEASING = YES;
				CLANG_WARN_BOOL_CONVERSION = YES;
				CLANG_WARN_COMMA = YES;
				CLANG_WARN_CONSTANT_CONVERSION = YES;
				CLANG_WARN_DEPRECATED_OBJC_IMPLEMENTATIONS = YES;
				CLANG_WARN_DIRECT_OBJC_ISA_USAGE = YES_ERROR;
				CLANG_WARN_DOCUMENTATION_COMMENTS = YES;
				CLANG_WARN_EMPTY_BODY = YES;
				CLANG_WARN_ENUM_CONVERSION = YES;
				CLANG_WARN_INFINITE_RECURSION = YES;
				CLANG_WARN_INT_CONVERSION = YES;
				CLANG_WARN_NON_LITERAL_NULL_CONVERSION = YES;
				CLANG_WARN_OBJC_IMPLICIT_RETAIN_SELF = YES;
				CLANG_WARN_OBJC_LITERAL_CONVERSION = YES;
				CLANG_WARN_OBJC_ROOT_CLASS = YES_ERROR;
				CLANG_WARN_QUOTED_INCLUDE_IN_FRAMEWORK_HEADER = YES;
				CLANG_WARN_RANGE_LOOP_ANALYSIS = YES;
				CLANG_WARN_STRICT_PROTOTYPES = YES;
				CLANG_WARN_SUSPICIOUS_MOVE = YES;
				CLANG_WARN_UNGUARDED_AVAILABILITY = YES_AGGRESSIVE;
				CLANG_WARN_UNREACHABLE_CODE = YES;
				CLANG_WARN__DUPLICATE_METHOD_MATCH = YES;
				COPY_PHASE_STRIP = NO;
				DEBUG_INFORMATION_FORMAT = dwarf;
				ENABLE_STRICT_OBJC_MSGSEND = YES;
				ENABLE_TESTABILITY = YES;
				GCC_C_LANGUAGE_STANDARD = gnu11;
				GCC_DYNAMIC_NO_PIC = NO;
				GCC_NO_COMMON_BLOCKS = YES;
				GCC_OPTIMIZATION_LEVEL = 0;
				GCC_PREPROCESSOR_DEFINITIONS = (
					"DEBUG=1",
					"$(inherited)",
				);
				GCC_WARN_64_TO_32_BIT_CONVERSION = YES;
				GCC_WARN_ABOUT_RETURN_TYPE = YES_ERROR;
				GCC_WARN_UNDECLARED_SELECTOR = YES;
				GCC_WARN_UNINITIALIZED_AUTOS = YES_AGGRESSIVE;
				GCC_WARN_UNUSED_FUNCTION = YES;
				GCC_WARN_UNUSED_VARIABLE = YES;
				IPHONEOS_DEPLOYMENT_TARGET = 14.0;
				MTL_ENABLE_DEBUG_INFO = INCLUDE_SOURCE;
				MTL_FAST_MATH = YES;
				ONLY_ACTIVE_ARCH = YES;
				SDKROOT = iphoneos;
				SWIFT_ACTIVE_COMPILATION_CONDITIONS = DEBUG;
				SWIFT_OPTIMIZATION_LEVEL = "-Onone";
			};
			name = Debug;
		};
		2D954DDE2898880900534E7C /* Release */ = {
			isa = XCBuildConfiguration;
			buildSettings = {
				ALWAYS_SEARCH_USER_PATHS = NO;
				CLANG_ANALYZER_NONNULL = YES;
				CLANG_ANALYZER_NUMBER_OBJECT_CONVERSION = YES_AGGRESSIVE;
				CLANG_CXX_LANGUAGE_STANDARD = "gnu++17";
				CLANG_ENABLE_MODULES = YES;
				CLANG_ENABLE_OBJC_ARC = YES;
				CLANG_ENABLE_OBJC_WEAK = YES;
				CLANG_WARN_BLOCK_CAPTURE_AUTORELEASING = YES;
				CLANG_WARN_BOOL_CONVERSION = YES;
				CLANG_WARN_COMMA = YES;
				CLANG_WARN_CONSTANT_CONVERSION = YES;
				CLANG_WARN_DEPRECATED_OBJC_IMPLEMENTATIONS = YES;
				CLANG_WARN_DIRECT_OBJC_ISA_USAGE = YES_ERROR;
				CLANG_WARN_DOCUMENTATION_COMMENTS = YES;
				CLANG_WARN_EMPTY_BODY = YES;
				CLANG_WARN_ENUM_CONVERSION = YES;
				CLANG_WARN_INFINITE_RECURSION = YES;
				CLANG_WARN_INT_CONVERSION = YES;
				CLANG_WARN_NON_LITERAL_NULL_CONVERSION = YES;
				CLANG_WARN_OBJC_IMPLICIT_RETAIN_SELF = YES;
				CLANG_WARN_OBJC_LITERAL_CONVERSION = YES;
				CLANG_WARN_OBJC_ROOT_CLASS = YES_ERROR;
				CLANG_WARN_QUOTED_INCLUDE_IN_FRAMEWORK_HEADER = YES;
				CLANG_WARN_RANGE_LOOP_ANALYSIS = YES;
				CLANG_WARN_STRICT_PROTOTYPES = YES;
				CLANG_WARN_SUSPICIOUS_MOVE = YES;
				CLANG_WARN_UNGUARDED_AVAILABILITY = YES_AGGRESSIVE;
				CLANG_WARN_UNREACHABLE_CODE = YES;
				CLANG_WARN__DUPLICATE_METHOD_MATCH = YES;
				COPY_PHASE_STRIP = NO;
				DEBUG_INFORMATION_FORMAT = "dwarf-with-dsym";
				ENABLE_NS_ASSERTIONS = NO;
				ENABLE_STRICT_OBJC_MSGSEND = YES;
				GCC_C_LANGUAGE_STANDARD = gnu11;
				GCC_NO_COMMON_BLOCKS = YES;
				GCC_WARN_64_TO_32_BIT_CONVERSION = YES;
				GCC_WARN_ABOUT_RETURN_TYPE = YES_ERROR;
				GCC_WARN_UNDECLARED_SELECTOR = YES;
				GCC_WARN_UNINITIALIZED_AUTOS = YES_AGGRESSIVE;
				GCC_WARN_UNUSED_FUNCTION = YES;
				GCC_WARN_UNUSED_VARIABLE = YES;
				IPHONEOS_DEPLOYMENT_TARGET = 14.0;
				MTL_ENABLE_DEBUG_INFO = NO;
				MTL_FAST_MATH = YES;
				SDKROOT = iphoneos;
				SWIFT_COMPILATION_MODE = wholemodule;
				SWIFT_OPTIMIZATION_LEVEL = "-O";
				VALIDATE_PRODUCT = YES;
			};
			name = Release;
		};
		2D954DE02898880900534E7C /* Debug */ = {
			isa = XCBuildConfiguration;
			buildSettings = {
				ASSETCATALOG_COMPILER_APPICON_NAME = AppIcon;
				ASSETCATALOG_COMPILER_GLOBAL_ACCENT_COLOR_NAME = AccentColor;
				CODE_SIGN_STYLE = Automatic;
				CURRENT_PROJECT_VERSION = 1;
				DEVELOPMENT_TEAM = 7492XNM62P;
				GENERATE_INFOPLIST_FILE = YES;
				INFOPLIST_FILE = MappyMapAdyenTask/Info.plist;
				INFOPLIST_KEY_UIApplicationSupportsIndirectInputEvents = YES;
				INFOPLIST_KEY_UILaunchStoryboardName = LaunchScreen;
				INFOPLIST_KEY_UISupportedInterfaceOrientations_iPad = "UIInterfaceOrientationPortrait UIInterfaceOrientationPortraitUpsideDown UIInterfaceOrientationLandscapeLeft UIInterfaceOrientationLandscapeRight";
				INFOPLIST_KEY_UISupportedInterfaceOrientations_iPhone = "UIInterfaceOrientationPortrait UIInterfaceOrientationLandscapeLeft UIInterfaceOrientationLandscapeRight";
				LD_RUNPATH_SEARCH_PATHS = (
					"$(inherited)",
					"@executable_path/Frameworks",
				);
				MARKETING_VERSION = 1.0;
				PRODUCT_BUNDLE_IDENTIFIER = com.atabany.MappyMapAdyenTask;
				PRODUCT_NAME = "$(TARGET_NAME)";
				SWIFT_EMIT_LOC_STRINGS = YES;
				SWIFT_VERSION = 5.0;
				TARGETED_DEVICE_FAMILY = "1,2";
			};
			name = Debug;
		};
		2D954DE12898880900534E7C /* Release */ = {
			isa = XCBuildConfiguration;
			buildSettings = {
				ASSETCATALOG_COMPILER_APPICON_NAME = AppIcon;
				ASSETCATALOG_COMPILER_GLOBAL_ACCENT_COLOR_NAME = AccentColor;
				CODE_SIGN_STYLE = Automatic;
				CURRENT_PROJECT_VERSION = 1;
				DEVELOPMENT_TEAM = 7492XNM62P;
				GENERATE_INFOPLIST_FILE = YES;
				INFOPLIST_FILE = MappyMapAdyenTask/Info.plist;
				INFOPLIST_KEY_UIApplicationSupportsIndirectInputEvents = YES;
				INFOPLIST_KEY_UILaunchStoryboardName = LaunchScreen;
				INFOPLIST_KEY_UISupportedInterfaceOrientations_iPad = "UIInterfaceOrientationPortrait UIInterfaceOrientationPortraitUpsideDown UIInterfaceOrientationLandscapeLeft UIInterfaceOrientationLandscapeRight";
				INFOPLIST_KEY_UISupportedInterfaceOrientations_iPhone = "UIInterfaceOrientationPortrait UIInterfaceOrientationLandscapeLeft UIInterfaceOrientationLandscapeRight";
				LD_RUNPATH_SEARCH_PATHS = (
					"$(inherited)",
					"@executable_path/Frameworks",
				);
				MARKETING_VERSION = 1.0;
				PRODUCT_BUNDLE_IDENTIFIER = com.atabany.MappyMapAdyenTask;
				PRODUCT_NAME = "$(TARGET_NAME)";
				SWIFT_EMIT_LOC_STRINGS = YES;
				SWIFT_VERSION = 5.0;
				TARGETED_DEVICE_FAMILY = "1,2";
			};
			name = Release;
		};
/* End XCBuildConfiguration section */

/* Begin XCConfigurationList section */
		2D954DC62898880600534E7C /* Build configuration list for PBXProject "MappyMapAdyenTask" */ = {
			isa = XCConfigurationList;
			buildConfigurations = (
				2D954DDD2898880900534E7C /* Debug */,
				2D954DDE2898880900534E7C /* Release */,
			);
			defaultConfigurationIsVisible = 0;
			defaultConfigurationName = Release;
		};
		2D954DDF2898880900534E7C /* Build configuration list for PBXNativeTarget "MappyMapAdyenTask" */ = {
			isa = XCConfigurationList;
			buildConfigurations = (
				2D954DE02898880900534E7C /* Debug */,
				2D954DE12898880900534E7C /* Release */,
			);
			defaultConfigurationIsVisible = 0;
			defaultConfigurationName = Release;
		};
/* End XCConfigurationList section */
	};
	rootObject = 2D954DC32898880600534E7C /* Project object */;
}
